// !$*UTF8*$!
{
	archiveVersion = 1;
	classes = {
	};
	objectVersion = 56;
	objects = {

/* Begin PBXBuildFile section */
		D07A67342B696BB2005F9A6B /* PokemonEntity.swift in Sources */ = {isa = PBXBuildFile; fileRef = D07A67332B696BB2005F9A6B /* PokemonEntity.swift */; };
		D07A67372B697938005F9A6B /* Kingfisher in Frameworks */ = {isa = PBXBuildFile; productRef = D07A67362B697938005F9A6B /* Kingfisher */; };
		D0810CD32B69DCEB008124D8 /* PokemonRouter.swift in Sources */ = {isa = PBXBuildFile; fileRef = D0810CD22B69DCEB008124D8 /* PokemonRouter.swift */; };
		D0F16F002B680984003CD011 /* AppDelegate.swift in Sources */ = {isa = PBXBuildFile; fileRef = D0F16EFF2B680984003CD011 /* AppDelegate.swift */; };
		D0F16F022B680984003CD011 /* SceneDelegate.swift in Sources */ = {isa = PBXBuildFile; fileRef = D0F16F012B680984003CD011 /* SceneDelegate.swift */; };
		D0F16F042B680984003CD011 /* PokemonViewController.swift in Sources */ = {isa = PBXBuildFile; fileRef = D0F16F032B680984003CD011 /* PokemonViewController.swift */; };
		D0F16F072B680984003CD011 /* Main.storyboard in Resources */ = {isa = PBXBuildFile; fileRef = D0F16F052B680984003CD011 /* Main.storyboard */; };
		D0F16F092B680987003CD011 /* Assets.xcassets in Resources */ = {isa = PBXBuildFile; fileRef = D0F16F082B680987003CD011 /* Assets.xcassets */; };
		D0F16F0C2B680987003CD011 /* LaunchScreen.storyboard in Resources */ = {isa = PBXBuildFile; fileRef = D0F16F0A2B680987003CD011 /* LaunchScreen.storyboard */; };
		D0F16F152B680C32003CD011 /* PokemonPresenter.swift in Sources */ = {isa = PBXBuildFile; fileRef = D0F16F142B680C32003CD011 /* PokemonPresenter.swift */; };
		D0F16F192B680C4A003CD011 /* PokemonInteractor.swift in Sources */ = {isa = PBXBuildFile; fileRef = D0F16F182B680C4A003CD011 /* PokemonInteractor.swift */; };
		D0F16F202B681BD6003CD011 /* Extensions.swift in Sources */ = {isa = PBXBuildFile; fileRef = D0F16F1F2B681BD6003CD011 /* Extensions.swift */; };
/* End PBXBuildFile section */

/* Begin PBXFileReference section */
		D07A67332B696BB2005F9A6B /* PokemonEntity.swift */ = {isa = PBXFileReference; lastKnownFileType = sourcecode.swift; path = PokemonEntity.swift; sourceTree = "<group>"; };
		D0810CD22B69DCEB008124D8 /* PokemonRouter.swift */ = {isa = PBXFileReference; lastKnownFileType = sourcecode.swift; path = PokemonRouter.swift; sourceTree = "<group>"; };
		D0F16EFC2B680984003CD011 /* PokequedexVIPER.app */ = {isa = PBXFileReference; explicitFileType = wrapper.application; includeInIndex = 0; path = PokequedexVIPER.app; sourceTree = BUILT_PRODUCTS_DIR; };
		D0F16EFF2B680984003CD011 /* AppDelegate.swift */ = {isa = PBXFileReference; lastKnownFileType = sourcecode.swift; path = AppDelegate.swift; sourceTree = "<group>"; };
		D0F16F012B680984003CD011 /* SceneDelegate.swift */ = {isa = PBXFileReference; lastKnownFileType = sourcecode.swift; path = SceneDelegate.swift; sourceTree = "<group>"; };
		D0F16F032B680984003CD011 /* PokemonViewController.swift */ = {isa = PBXFileReference; lastKnownFileType = sourcecode.swift; path = PokemonViewController.swift; sourceTree = "<group>"; };
		D0F16F062B680984003CD011 /* Base */ = {isa = PBXFileReference; lastKnownFileType = file.storyboard; name = Base; path = Base.lproj/Main.storyboard; sourceTree = "<group>"; };
		D0F16F082B680987003CD011 /* Assets.xcassets */ = {isa = PBXFileReference; lastKnownFileType = folder.assetcatalog; path = Assets.xcassets; sourceTree = "<group>"; };
		D0F16F0B2B680987003CD011 /* Base */ = {isa = PBXFileReference; lastKnownFileType = file.storyboard; name = Base; path = Base.lproj/LaunchScreen.storyboard; sourceTree = "<group>"; };
		D0F16F0D2B680987003CD011 /* Info.plist */ = {isa = PBXFileReference; lastKnownFileType = text.plist.xml; path = Info.plist; sourceTree = "<group>"; };
		D0F16F142B680C32003CD011 /* PokemonPresenter.swift */ = {isa = PBXFileReference; lastKnownFileType = sourcecode.swift; path = PokemonPresenter.swift; sourceTree = "<group>"; };
		D0F16F182B680C4A003CD011 /* PokemonInteractor.swift */ = {isa = PBXFileReference; lastKnownFileType = sourcecode.swift; path = PokemonInteractor.swift; sourceTree = "<group>"; };
		D0F16F1F2B681BD6003CD011 /* Extensions.swift */ = {isa = PBXFileReference; lastKnownFileType = sourcecode.swift; path = Extensions.swift; sourceTree = "<group>"; };
/* End PBXFileReference section */

/* Begin PBXFrameworksBuildPhase section */
		D0F16EF92B680984003CD011 /* Frameworks */ = {
			isa = PBXFrameworksBuildPhase;
			buildActionMask = 2147483647;
			files = (
				D07A67372B697938005F9A6B /* Kingfisher in Frameworks */,
			);
			runOnlyForDeploymentPostprocessing = 0;
		};
/* End PBXFrameworksBuildPhase section */

/* Begin PBXGroup section */
		D07A67302B696B5E005F9A6B /* Entities */ = {
			isa = PBXGroup;
			children = (
				D07A67332B696BB2005F9A6B /* PokemonEntity.swift */,
			);
			path = Entities;
			sourceTree = "<group>";
		};
		D0F16EF32B680984003CD011 = {
			isa = PBXGroup;
			children = (
				D0F16EFE2B680984003CD011 /* PokequedexVIPER */,
				D0F16EFD2B680984003CD011 /* Products */,
			);
			sourceTree = "<group>";
		};
		D0F16EFD2B680984003CD011 /* Products */ = {
			isa = PBXGroup;
			children = (
				D0F16EFC2B680984003CD011 /* PokequedexVIPER.app */,
			);
			name = Products;
			sourceTree = "<group>";
		};
		D0F16EFE2B680984003CD011 /* PokequedexVIPER */ = {
			isa = PBXGroup;
			children = (
				D0F16EFF2B680984003CD011 /* AppDelegate.swift */,
				D0F16F012B680984003CD011 /* SceneDelegate.swift */,
				D0F16F132B680BDF003CD011 /* Home */,
				D0F16F1E2B681BB5003CD011 /* Utilities */,
				D0F16F052B680984003CD011 /* Main.storyboard */,
				D0F16F082B680987003CD011 /* Assets.xcassets */,
				D0F16F0A2B680987003CD011 /* LaunchScreen.storyboard */,
				D0F16F0D2B680987003CD011 /* Info.plist */,
			);
			path = PokequedexVIPER;
			sourceTree = "<group>";
		};
		D0F16F132B680BDF003CD011 /* Home */ = {
			isa = PBXGroup;
			children = (
				D07A67302B696B5E005F9A6B /* Entities */,
				D0F16F032B680984003CD011 /* PokemonViewController.swift */,
				D0F16F142B680C32003CD011 /* PokemonPresenter.swift */,
				D0F16F182B680C4A003CD011 /* PokemonInteractor.swift */,
				D0810CD22B69DCEB008124D8 /* PokemonRouter.swift */,
			);
			path = Home;
			sourceTree = "<group>";
		};
		D0F16F1E2B681BB5003CD011 /* Utilities */ = {
			isa = PBXGroup;
			children = (
				D0F16F1F2B681BD6003CD011 /* Extensions.swift */,
			);
			path = Utilities;
			sourceTree = "<group>";
		};
/* End PBXGroup section */

/* Begin PBXNativeTarget section */
		D0F16EFB2B680984003CD011 /* PokequedexVIPER */ = {
			isa = PBXNativeTarget;
			buildConfigurationList = D0F16F102B680987003CD011 /* Build configuration list for PBXNativeTarget "PokequedexVIPER" */;
			buildPhases = (
				D0F16EF82B680984003CD011 /* Sources */,
				D0F16EF92B680984003CD011 /* Frameworks */,
				D0F16EFA2B680984003CD011 /* Resources */,
			);
			buildRules = (
			);
			dependencies = (
			);
			name = PokequedexVIPER;
			packageProductDependencies = (
				D07A67362B697938005F9A6B /* Kingfisher */,
			);
			productName = PokequedexVIPER;
			productReference = D0F16EFC2B680984003CD011 /* PokequedexVIPER.app */;
			productType = "com.apple.product-type.application";
		};
/* End PBXNativeTarget section */

/* Begin PBXProject section */
		D0F16EF42B680984003CD011 /* Project object */ = {
			isa = PBXProject;
			attributes = {
				BuildIndependentTargetsInParallel = 1;
				LastSwiftUpdateCheck = 1420;
				LastUpgradeCheck = 1420;
				TargetAttributes = {
					D0F16EFB2B680984003CD011 = {
						CreatedOnToolsVersion = 14.2;
					};
				};
			};
			buildConfigurationList = D0F16EF72B680984003CD011 /* Build configuration list for PBXProject "PokequedexVIPER" */;
			compatibilityVersion = "Xcode 14.0";
			developmentRegion = en;
			hasScannedForEncodings = 0;
			knownRegions = (
				en,
				Base,
			);
			mainGroup = D0F16EF32B680984003CD011;
			packageReferences = (
				D07A67352B697938005F9A6B /* XCRemoteSwiftPackageReference "Kingfisher" */,
			);
			productRefGroup = D0F16EFD2B680984003CD011 /* Products */;
			projectDirPath = "";
			projectRoot = "";
			targets = (
				D0F16EFB2B680984003CD011 /* PokequedexVIPER */,
			);
		};
/* End PBXProject section */

/* Begin PBXResourcesBuildPhase section */
		D0F16EFA2B680984003CD011 /* Resources */ = {
			isa = PBXResourcesBuildPhase;
			buildActionMask = 2147483647;
			files = (
				D0F16F0C2B680987003CD011 /* LaunchScreen.storyboard in Resources */,
				D0F16F092B680987003CD011 /* Assets.xcassets in Resources */,
				D0F16F072B680984003CD011 /* Main.storyboard in Resources */,
			);
			runOnlyForDeploymentPostprocessing = 0;
		};
/* End PBXResourcesBuildPhase section */

/* Begin PBXSourcesBuildPhase section */
		D0F16EF82B680984003CD011 /* Sources */ = {
			isa = PBXSourcesBuildPhase;
			buildActionMask = 2147483647;
			files = (
				D0F16F042B680984003CD011 /* PokemonViewController.swift in Sources */,
				D0F16F202B681BD6003CD011 /* Extensions.swift in Sources */,
				D0F16F002B680984003CD011 /* AppDelegate.swift in Sources */,
				D0F16F022B680984003CD011 /* SceneDelegate.swift in Sources */,
				D0F16F192B680C4A003CD011 /* PokemonInteractor.swift in Sources */,
				D07A67342B696BB2005F9A6B /* PokemonEntity.swift in Sources */,
				D0810CD32B69DCEB008124D8 /* PokemonRouter.swift in Sources */,
				D0F16F152B680C32003CD011 /* PokemonPresenter.swift in Sources */,
			);
			runOnlyForDeploymentPostprocessing = 0;
		};
/* End PBXSourcesBuildPhase section */

/* Begin PBXVariantGroup section */
		D0F16F052B680984003CD011 /* Main.storyboard */ = {
			isa = PBXVariantGroup;
			children = (
				D0F16F062B680984003CD011 /* Base */,
			);
			name = Main.storyboard;
			sourceTree = "<group>";
		};
		D0F16F0A2B680987003CD011 /* LaunchScreen.storyboard */ = {
			isa = PBXVariantGroup;
			children = (
				D0F16F0B2B680987003CD011 /* Base */,
			);
			name = LaunchScreen.storyboard;
			sourceTree = "<group>";
		};
/* End PBXVariantGroup section */

/* Begin XCBuildConfiguration section */
		D0F16F0E2B680987003CD011 /* Debug */ = {
			isa = XCBuildConfiguration;
			buildSettings = {
				ALWAYS_SEARCH_USER_PATHS = NO;
				CLANG_ANALYZER_NONNULL = YES;
				CLANG_ANALYZER_NUMBER_OBJECT_CONVERSION = YES_AGGRESSIVE;
				CLANG_CXX_LANGUAGE_STANDARD = "gnu++20";
				CLANG_ENABLE_MODULES = YES;
				CLANG_ENABLE_OBJC_ARC = YES;
				CLANG_ENABLE_OBJC_WEAK = YES;
				CLANG_WARN_BLOCK_CAPTURE_AUTORELEASING = YES;
				CLANG_WARN_BOOL_CONVERSION = YES;
				CLANG_WARN_COMMA = YES;
				CLANG_WARN_CONSTANT_CONVERSION = YES;
				CLANG_WARN_DEPRECATED_OBJC_IMPLEMENTATIONS = YES;
				CLANG_WARN_DIRECT_OBJC_ISA_USAGE = YES_ERROR;
				CLANG_WARN_DOCUMENTATION_COMMENTS = YES;
				CLANG_WARN_EMPTY_BODY = YES;
				CLANG_WARN_ENUM_CONVERSION = YES;
				CLANG_WARN_INFINITE_RECURSION = YES;
				CLANG_WARN_INT_CONVERSION = YES;
				CLANG_WARN_NON_LITERAL_NULL_CONVERSION = YES;
				CLANG_WARN_OBJC_IMPLICIT_RETAIN_SELF = YES;
				CLANG_WARN_OBJC_LITERAL_CONVERSION = YES;
				CLANG_WARN_OBJC_ROOT_CLASS = YES_ERROR;
				CLANG_WARN_QUOTED_INCLUDE_IN_FRAMEWORK_HEADER = YES;
				CLANG_WARN_RANGE_LOOP_ANALYSIS = YES;
				CLANG_WARN_STRICT_PROTOTYPES = YES;
				CLANG_WARN_SUSPICIOUS_MOVE = YES;
				CLANG_WARN_UNGUARDED_AVAILABILITY = YES_AGGRESSIVE;
				CLANG_WARN_UNREACHABLE_CODE = YES;
				CLANG_WARN__DUPLICATE_METHOD_MATCH = YES;
				COPY_PHASE_STRIP = NO;
				DEBUG_INFORMATION_FORMAT = dwarf;
				ENABLE_STRICT_OBJC_MSGSEND = YES;
				ENABLE_TESTABILITY = YES;
				GCC_C_LANGUAGE_STANDARD = gnu11;
				GCC_DYNAMIC_NO_PIC = NO;
				GCC_NO_COMMON_BLOCKS = YES;
				GCC_OPTIMIZATION_LEVEL = 0;
				GCC_PREPROCESSOR_DEFINITIONS = (
					"DEBUG=1",
					"$(inherited)",
				);
				GCC_WARN_64_TO_32_BIT_CONVERSION = YES;
				GCC_WARN_ABOUT_RETURN_TYPE = YES_ERROR;
				GCC_WARN_UNDECLARED_SELECTOR = YES;
				GCC_WARN_UNINITIALIZED_AUTOS = YES_AGGRESSIVE;
				GCC_WARN_UNUSED_FUNCTION = YES;
				GCC_WARN_UNUSED_VARIABLE = YES;
				IPHONEOS_DEPLOYMENT_TARGET = 16.2;
				MTL_ENABLE_DEBUG_INFO = INCLUDE_SOURCE;
				MTL_FAST_MATH = YES;
				ONLY_ACTIVE_ARCH = YES;
				SDKROOT = iphoneos;
				SWIFT_ACTIVE_COMPILATION_CONDITIONS = DEBUG;
				SWIFT_OPTIMIZATION_LEVEL = "-Onone";
			};
			name = Debug;
		};
		D0F16F0F2B680987003CD011 /* Release */ = {
			isa = XCBuildConfiguration;
			buildSettings = {
				ALWAYS_SEARCH_USER_PATHS = NO;
				CLANG_ANALYZER_NONNULL = YES;
				CLANG_ANALYZER_NUMBER_OBJECT_CONVERSION = YES_AGGRESSIVE;
				CLANG_CXX_LANGUAGE_STANDARD = "gnu++20";
				CLANG_ENABLE_MODULES = YES;
				CLANG_ENABLE_OBJC_ARC = YES;
				CLANG_ENABLE_OBJC_WEAK = YES;
				CLANG_WARN_BLOCK_CAPTURE_AUTORELEASING = YES;
				CLANG_WARN_BOOL_CONVERSION = YES;
				CLANG_WARN_COMMA = YES;
				CLANG_WARN_CONSTANT_CONVERSION = YES;
				CLANG_WARN_DEPRECATED_OBJC_IMPLEMENTATIONS = YES;
				CLANG_WARN_DIRECT_OBJC_ISA_USAGE = YES_ERROR;
				CLANG_WARN_DOCUMENTATION_COMMENTS = YES;
				CLANG_WARN_EMPTY_BODY = YES;
				CLANG_WARN_ENUM_CONVERSION = YES;
				CLANG_WARN_INFINITE_RECURSION = YES;
				CLANG_WARN_INT_CONVERSION = YES;
				CLANG_WARN_NON_LITERAL_NULL_CONVERSION = YES;
				CLANG_WARN_OBJC_IMPLICIT_RETAIN_SELF = YES;
				CLANG_WARN_OBJC_LITERAL_CONVERSION = YES;
				CLANG_WARN_OBJC_ROOT_CLASS = YES_ERROR;
				CLANG_WARN_QUOTED_INCLUDE_IN_FRAMEWORK_HEADER = YES;
				CLANG_WARN_RANGE_LOOP_ANALYSIS = YES;
				CLANG_WARN_STRICT_PROTOTYPES = YES;
				CLANG_WARN_SUSPICIOUS_MOVE = YES;
				CLANG_WARN_UNGUARDED_AVAILABILITY = YES_AGGRESSIVE;
				CLANG_WARN_UNREACHABLE_CODE = YES;
				CLANG_WARN__DUPLICATE_METHOD_MATCH = YES;
				COPY_PHASE_STRIP = NO;
				DEBUG_INFORMATION_FORMAT = "dwarf-with-dsym";
				ENABLE_NS_ASSERTIONS = NO;
				ENABLE_STRICT_OBJC_MSGSEND = YES;
				GCC_C_LANGUAGE_STANDARD = gnu11;
				GCC_NO_COMMON_BLOCKS = YES;
				GCC_WARN_64_TO_32_BIT_CONVERSION = YES;
				GCC_WARN_ABOUT_RETURN_TYPE = YES_ERROR;
				GCC_WARN_UNDECLARED_SELECTOR = YES;
				GCC_WARN_UNINITIALIZED_AUTOS = YES_AGGRESSIVE;
				GCC_WARN_UNUSED_FUNCTION = YES;
				GCC_WARN_UNUSED_VARIABLE = YES;
				IPHONEOS_DEPLOYMENT_TARGET = 16.2;
				MTL_ENABLE_DEBUG_INFO = NO;
				MTL_FAST_MATH = YES;
				SDKROOT = iphoneos;
				SWIFT_COMPILATION_MODE = wholemodule;
				SWIFT_OPTIMIZATION_LEVEL = "-O";
				VALIDATE_PRODUCT = YES;
			};
			name = Release;
		};
		D0F16F112B680987003CD011 /* Debug */ = {
			isa = XCBuildConfiguration;
			buildSettings = {
				ASSETCATALOG_COMPILER_APPICON_NAME = AppIcon;
				ASSETCATALOG_COMPILER_GLOBAL_ACCENT_COLOR_NAME = AccentColor;
				CODE_SIGN_STYLE = Automatic;
				CURRENT_PROJECT_VERSION = 1;
				DEVELOPMENT_TEAM = SD2Q6LNX66;
				GENERATE_INFOPLIST_FILE = YES;
				INFOPLIST_FILE = PokequedexVIPER/Info.plist;
				INFOPLIST_KEY_UIApplicationSupportsIndirectInputEvents = YES;
				INFOPLIST_KEY_UILaunchStoryboardName = LaunchScreen;
				INFOPLIST_KEY_UIMainStoryboardFile = Main;
				INFOPLIST_KEY_UISupportedInterfaceOrientations_iPad = "UIInterfaceOrientationPortrait UIInterfaceOrientationPortraitUpsideDown UIInterfaceOrientationLandscapeLeft UIInterfaceOrientationLandscapeRight";
				INFOPLIST_KEY_UISupportedInterfaceOrientations_iPhone = "UIInterfaceOrientationPortrait UIInterfaceOrientationLandscapeLeft UIInterfaceOrientationLandscapeRight";
				LD_RUNPATH_SEARCH_PATHS = (
					"$(inherited)",
					"@executable_path/Frameworks",
				);
				MARKETING_VERSION = 1.0;
				PRODUCT_BUNDLE_IDENTIFIER = com.Dilophosaurio.PokequedexVIPER;
				PRODUCT_NAME = "$(TARGET_NAME)";
				SWIFT_EMIT_LOC_STRINGS = YES;
				SWIFT_VERSION = 5.0;
				TARGETED_DEVICE_FAMILY = "1,2";
			};
			name = Debug;
		};
		D0F16F122B680987003CD011 /* Release */ = {
			isa = XCBuildConfiguration;
			buildSettings = {
				ASSETCATALOG_COMPILER_APPICON_NAME = AppIcon;
				ASSETCATALOG_COMPILER_GLOBAL_ACCENT_COLOR_NAME = AccentColor;
				CODE_SIGN_STYLE = Automatic;
				CURRENT_PROJECT_VERSION = 1;
				DEVELOPMENT_TEAM = SD2Q6LNX66;
				GENERATE_INFOPLIST_FILE = YES;
				INFOPLIST_FILE = PokequedexVIPER/Info.plist;
				INFOPLIST_KEY_UIApplicationSupportsIndirectInputEvents = YES;
				INFOPLIST_KEY_UILaunchStoryboardName = LaunchScreen;
				INFOPLIST_KEY_UIMainStoryboardFile = Main;
				INFOPLIST_KEY_UISupportedInterfaceOrientations_iPad = "UIInterfaceOrientationPortrait UIInterfaceOrientationPortraitUpsideDown UIInterfaceOrientationLandscapeLeft UIInterfaceOrientationLandscapeRight";
				INFOPLIST_KEY_UISupportedInterfaceOrientations_iPhone = "UIInterfaceOrientationPortrait UIInterfaceOrientationLandscapeLeft UIInterfaceOrientationLandscapeRight";
				LD_RUNPATH_SEARCH_PATHS = (
					"$(inherited)",
					"@executable_path/Frameworks",
				);
				MARKETING_VERSION = 1.0;
				PRODUCT_BUNDLE_IDENTIFIER = com.Dilophosaurio.PokequedexVIPER;
				PRODUCT_NAME = "$(TARGET_NAME)";
				SWIFT_EMIT_LOC_STRINGS = YES;
				SWIFT_VERSION = 5.0;
				TARGETED_DEVICE_FAMILY = "1,2";
			};
			name = Release;
		};
/* End XCBuildConfiguration section */

/* Begin XCConfigurationList section */
		D0F16EF72B680984003CD011 /* Build configuration list for PBXProject "PokequedexVIPER" */ = {
			isa = XCConfigurationList;
			buildConfigurations = (
				D0F16F0E2B680987003CD011 /* Debug */,
				D0F16F0F2B680987003CD011 /* Release */,
			);
			defaultConfigurationIsVisible = 0;
			defaultConfigurationName = Release;
		};
		D0F16F102B680987003CD011 /* Build configuration list for PBXNativeTarget "PokequedexVIPER" */ = {
			isa = XCConfigurationList;
			buildConfigurations = (
				D0F16F112B680987003CD011 /* Debug */,
				D0F16F122B680987003CD011 /* Release */,
			);
			defaultConfigurationIsVisible = 0;
			defaultConfigurationName = Release;
		};
/* End XCConfigurationList section */

/* Begin XCRemoteSwiftPackageReference section */
		D07A67352B697938005F9A6B /* XCRemoteSwiftPackageReference "Kingfisher" */ = {
			isa = XCRemoteSwiftPackageReference;
			repositoryURL = "https://github.com/onevcat/Kingfisher.git";
			requirement = {
				branch = master;
				kind = branch;
			};
		};
/* End XCRemoteSwiftPackageReference section */

/* Begin XCSwiftPackageProductDependency section */
		D07A67362B697938005F9A6B /* Kingfisher */ = {
			isa = XCSwiftPackageProductDependency;
			package = D07A67352B697938005F9A6B /* XCRemoteSwiftPackageReference "Kingfisher" */;
			productName = Kingfisher;
		};
/* End XCSwiftPackageProductDependency section */
	};
	rootObject = D0F16EF42B680984003CD011 /* Project object */;
}
